
Microsoft Visual Studio Solution File, Format Version 12.00
# Visual Studio Version 16
VisualStudioVersion = 16.0.30804.86
MinimumVisualStudioVersion = 10.0.40219.1
Project("{9A19103F-16F7-4668-BE54-9A1E7A4F7556}") = "mbill_blazor_admin", "mbill_blazor_admin.csproj", "{E5A03A51-BFC0-42B5-84D5-9811B7A9B5F4}"
EndProject
Global
	GlobalSection(SolutionConfigurationPlatforms) = preSolution
		Debug|Any CPU = Debug|Any CPU
		Release|Any CPU = Release|Any CPU
	EndGlobalSection
	GlobalSection(ProjectConfigurationPlatforms) = postSolution
		{E5A03A51-BFC0-42B5-84D5-9811B7A9B5F4}.Debug|Any CPU.ActiveCfg = Debug|Any CPU
		{E5A03A51-BFC0-42B5-84D5-9811B7A9B5F4}.Debug|Any CPU.Build.0 = Debug|Any CPU
		{E5A03A51-BFC0-42B5-84D5-9811B7A9B5F4}.Release|Any CPU.ActiveCfg = Release|Any CPU
		{E5A03A51-BFC0-42B5-84D5-9811B7A9B5F4}.Release|Any CPU.Build.0 = Release|Any CPU
	EndGlobalSection
	GlobalSection(SolutionProperties) = preSolution
		HideSolutionNode = FALSE
	EndGlobalSection
	GlobalSection(ExtensibilityGlobals) = postSolution
		SolutionGuid = {13B36697-B766-4DEB-8A66-BFC70F7730A2}
	EndGlobalSection
EndGlobal
